
Microsoft Visual Studio Solution File, Format Version 12.00
# Visual Studio Version 17
VisualStudioVersion = 17.9.34728.123
MinimumVisualStudioVersion = 10.0.40219.1
Project("{FAE04EC0-301F-11D3-BF4B-00C04F79EFBC}") = "Uniqlo_main", "Uniqlo_main\Uniqlo_main.csproj", "{03BA1B1C-6654-42FF-8975-D1767334B9D1}"
EndProject
Global
	GlobalSection(SolutionConfigurationPlatforms) = preSolution
		Debug|Any CPU = Debug|Any CPU
		Release|Any CPU = Release|Any CPU
	EndGlobalSection
	GlobalSection(ProjectConfigurationPlatforms) = postSolution
		{03BA1B1C-6654-42FF-8975-D1767334B9D1}.Debug|Any CPU.ActiveCfg = Debug|Any CPU
		{03BA1B1C-6654-42FF-8975-D1767334B9D1}.Debug|Any CPU.Build.0 = Debug|Any CPU
		{03BA1B1C-6654-42FF-8975-D1767334B9D1}.Release|Any CPU.ActiveCfg = Release|Any CPU
		{03BA1B1C-6654-42FF-8975-D1767334B9D1}.Release|Any CPU.Build.0 = Release|Any CPU
	EndGlobalSection
	GlobalSection(SolutionProperties) = preSolution
		HideSolutionNode = FALSE
	EndGlobalSection
	GlobalSection(ExtensibilityGlobals) = postSolution
		SolutionGuid = {BE4A9905-D23D-493A-86B4-674B7F71B625}
	EndGlobalSection
EndGlobal
